
Microsoft Visual Studio Solution File, Format Version 12.00
# Visual Studio 15
VisualStudioVersion = 15.0.26124.0
MinimumVisualStudioVersion = 15.0.26124.0
Project("{FAE04EC0-301F-11D3-BF4B-00C04F79EFBC}") = "PizzaWorld.Client", "PizzaWorld.Client\PizzaWorld.Client.csproj", "{17950D1F-8829-4495-A929-67BA3FC88E2F}"
EndProject
Project("{FAE04EC0-301F-11D3-BF4B-00C04F79EFBC}") = "PizzaWorld.Domain", "PizzaWorld.Domain\PizzaWorld.Domain.csproj", "{99F89F78-0F02-4D87-A113-0FEA100E0460}"
EndProject
Project("{FAE04EC0-301F-11D3-BF4B-00C04F79EFBC}") = "PizzaWorld.Testing", "PizzaWorld.Testing\PizzaWorld.Testing.csproj", "{B8E53E4E-4327-4027-9CED-D29A04C86172}"
EndProject
Global
	GlobalSection(SolutionConfigurationPlatforms) = preSolution
		Debug|Any CPU = Debug|Any CPU
		Debug|x64 = Debug|x64
		Debug|x86 = Debug|x86
		Release|Any CPU = Release|Any CPU
		Release|x64 = Release|x64
		Release|x86 = Release|x86
	EndGlobalSection
	GlobalSection(SolutionProperties) = preSolution
		HideSolutionNode = FALSE
	EndGlobalSection
	GlobalSection(ProjectConfigurationPlatforms) = postSolution
		{17950D1F-8829-4495-A929-67BA3FC88E2F}.Debug|Any CPU.ActiveCfg = Debug|Any CPU
		{17950D1F-8829-4495-A929-67BA3FC88E2F}.Debug|Any CPU.Build.0 = Debug|Any CPU
		{17950D1F-8829-4495-A929-67BA3FC88E2F}.Debug|x64.ActiveCfg = Debug|Any CPU
		{17950D1F-8829-4495-A929-67BA3FC88E2F}.Debug|x64.Build.0 = Debug|Any CPU
		{17950D1F-8829-4495-A929-67BA3FC88E2F}.Debug|x86.ActiveCfg = Debug|Any CPU
		{17950D1F-8829-4495-A929-67BA3FC88E2F}.Debug|x86.Build.0 = Debug|Any CPU
		{17950D1F-8829-4495-A929-67BA3FC88E2F}.Release|Any CPU.ActiveCfg = Release|Any CPU
		{17950D1F-8829-4495-A929-67BA3FC88E2F}.Release|Any CPU.Build.0 = Release|Any CPU
		{17950D1F-8829-4495-A929-67BA3FC88E2F}.Release|x64.ActiveCfg = Release|Any CPU
		{17950D1F-8829-4495-A929-67BA3FC88E2F}.Release|x64.Build.0 = Release|Any CPU
		{17950D1F-8829-4495-A929-67BA3FC88E2F}.Release|x86.ActiveCfg = Release|Any CPU
		{17950D1F-8829-4495-A929-67BA3FC88E2F}.Release|x86.Build.0 = Release|Any CPU
		{99F89F78-0F02-4D87-A113-0FEA100E0460}.Debug|Any CPU.ActiveCfg = Debug|Any CPU
		{99F89F78-0F02-4D87-A113-0FEA100E0460}.Debug|Any CPU.Build.0 = Debug|Any CPU
		{99F89F78-0F02-4D87-A113-0FEA100E0460}.Debug|x64.ActiveCfg = Debug|Any CPU
		{99F89F78-0F02-4D87-A113-0FEA100E0460}.Debug|x64.Build.0 = Debug|Any CPU
		{99F89F78-0F02-4D87-A113-0FEA100E0460}.Debug|x86.ActiveCfg = Debug|Any CPU
		{99F89F78-0F02-4D87-A113-0FEA100E0460}.Debug|x86.Build.0 = Debug|Any CPU
		{99F89F78-0F02-4D87-A113-0FEA100E0460}.Release|Any CPU.ActiveCfg = Release|Any CPU
		{99F89F78-0F02-4D87-A113-0FEA100E0460}.Release|Any CPU.Build.0 = Release|Any CPU
		{99F89F78-0F02-4D87-A113-0FEA100E0460}.Release|x64.ActiveCfg = Release|Any CPU
		{99F89F78-0F02-4D87-A113-0FEA100E0460}.Release|x64.Build.0 = Release|Any CPU
		{99F89F78-0F02-4D87-A113-0FEA100E0460}.Release|x86.ActiveCfg = Release|Any CPU
		{99F89F78-0F02-4D87-A113-0FEA100E0460}.Release|x86.Build.0 = Release|Any CPU
		{B8E53E4E-4327-4027-9CED-D29A04C86172}.Debug|Any CPU.ActiveCfg = Debug|Any CPU
		{B8E53E4E-4327-4027-9CED-D29A04C86172}.Debug|Any CPU.Build.0 = Debug|Any CPU
		{B8E53E4E-4327-4027-9CED-D29A04C86172}.Debug|x64.ActiveCfg = Debug|Any CPU
		{B8E53E4E-4327-4027-9CED-D29A04C86172}.Debug|x64.Build.0 = Debug|Any CPU
		{B8E53E4E-4327-4027-9CED-D29A04C86172}.Debug|x86.ActiveCfg = Debug|Any CPU
		{B8E53E4E-4327-4027-9CED-D29A04C86172}.Debug|x86.Build.0 = Debug|Any CPU
		{B8E53E4E-4327-4027-9CED-D29A04C86172}.Release|Any CPU.ActiveCfg = Release|Any CPU
		{B8E53E4E-4327-4027-9CED-D29A04C86172}.Release|Any CPU.Build.0 = Release|Any CPU
		{B8E53E4E-4327-4027-9CED-D29A04C86172}.Release|x64.ActiveCfg = Release|Any CPU
		{B8E53E4E-4327-4027-9CED-D29A04C86172}.Release|x64.Build.0 = Release|Any CPU
		{B8E53E4E-4327-4027-9CED-D29A04C86172}.Release|x86.ActiveCfg = Release|Any CPU
		{B8E53E4E-4327-4027-9CED-D29A04C86172}.Release|x86.Build.0 = Release|Any CPU
	EndGlobalSection
EndGlobal
